[[package]]
category = "main"
description = "Internationalization utilities"
name = "babel"
optional = false
platform = "*"
python-versions = ">=2.7, !=3.0.*, !=3.1.*, !=3.2.*, !=3.3.*"
version = "2.6.0"

[package.dependencies]
pytz = ">=0a"

[[package]]
category = "main"
description = "Fast, simple object-to-object and broadcast signaling"
name = "blinker"
optional = false
platform = "UNKNOWN"
python-versions = "*"
version = "1.4"

[[package]]
category = "main"
description = "Composable command line interface toolkit"
name = "click"
optional = false
platform = "*"
python-versions = ">=2.7, !=3.0.*, !=3.1.*, !=3.2.*, !=3.3.*"
version = "7.0"

[[package]]
category = "main"
description = "A simple framework for building complex web applications."
name = "flask"
optional = false
platform = "any"
python-versions = "*"
version = "1.0.2"

[package.dependencies]
Jinja2 = ">=2.10"
Werkzeug = ">=0.14"
click = ">=5.1"
itsdangerous = ">=0.24"

[[package]]
category = "main"
description = "Simple and extensible admin interface framework for Flask"
name = "flask-admin"
optional = false
platform = "any"
python-versions = "*"
version = "1.5.2"

[package.dependencies]
Flask = ">=0.7"
wtforms = "*"

[[package]]
category = "main"
description = "Asset management for Flask, to compress and merge CSS and Javascript files."
name = "flask-assets"
optional = false
platform = "any"
python-versions = "*"
version = "0.12"

[package.dependencies]
Flask = ">=0.8"
webassets = ">=0.11.1"

[[package]]
category = "main"
description = "Adds i18n/l10n support to Flask applications"
name = "flask-babelex"
optional = false
platform = "any"
python-versions = "*"
version = "0.9.3"

[package.dependencies]
Babel = ">=1.0"
Flask = "*"
Jinja2 = ">=2.5"
speaklater = ">=1.2"

[[package]]
category = "main"
description = "User session management for Flask"
name = "flask-login"
optional = false
platform = "any"
python-versions = "*"
version = "0.4.1"

[package.dependencies]
Flask = "*"

[[package]]
category = "main"
description = "Flask extension for sending email"
name = "flask-mail"
optional = false
platform = "any"
python-versions = "*"
version = "0.9.1"

[package.dependencies]
Flask = "*"
blinker = "*"

[[package]]
category = "main"
description = "Identity management for flask"
name = "flask-principal"
optional = false
platform = "any"
python-versions = "*"
version = "0.4.0"

[package.dependencies]
Flask = "*"
blinker = "*"

[[package]]
category = "main"
description = "Simple security for Flask apps."
name = "flask-security"
optional = false
platform = "any"
python-versions = "*"
version = "3.0.0"

[package.dependencies]
Flask = ">=0.11"
Flask-BabelEx = ">=0.9.3"
Flask-Login = ">=0.3.0"
Flask-Mail = ">=0.7.3"
Flask-Principal = ">=0.3.3"
Flask-WTF = ">=0.13.1"
itsdangerous = ">=0.21"
passlib = ">=1.7"

[[package]]
category = "main"
description = "Simple integration of Flask and WTForms."
name = "flask-wtf"
optional = false
platform = "any"
python-versions = "*"
version = "0.14.2"

[package.dependencies]
Flask = "*"
WTForms = "*"

[[package]]
category = "main"
description = "Various helpers to pass trusted data to untrusted environments and back."
name = "itsdangerous"
optional = false
platform = "UNKNOWN"
python-versions = "*"
version = "0.24"

[[package]]
category = "main"
description = "A small but fast and easy to use stand-alone template engine written in pure python."
name = "jinja2"
optional = false
platform = "*"
python-versions = "*"
version = "2.10"

[package.dependencies]
MarkupSafe = ">=0.23"

[[package]]
category = "main"
description = "Implements a XML/HTML/XHTML Markup safe string for Python"
name = "markupsafe"
optional = false
platform = "UNKNOWN"
python-versions = "*"
version = "1.0"

[[package]]
category = "main"
description = "comprehensive password hashing framework supporting over 30 schemes"
name = "passlib"
optional = false
platform = "*"
python-versions = "*"
version = "1.7.1"

[[package]]
category = "main"
description = "World timezone definitions, modern and historical"
name = "pytz"
optional = false
platform = "Independent"
python-versions = "*"
version = "2018.5"

[[package]]
category = "main"
description = "implements a lazy string for python useful for use with gettext"
name = "speaklater"
optional = false
platform = "UNKNOWN"
python-versions = "*"
version = "1.3"

[[package]]
category = "main"
description = "Media asset management for Python, with glue code for various web frameworks"
name = "webassets"
optional = false
platform = "UNKNOWN"
python-versions = "*"
version = "0.12.1"

[[package]]
category = "main"
description = "The comprehensive WSGI web application library."
name = "werkzeug"
optional = false
platform = "any"
python-versions = "*"
version = "0.14.1"

[[package]]
category = "main"
description = "A flexible forms validation and rendering library for Python web development."
name = "wtforms"
optional = false
platform = "*"
python-versions = "*"
version = "2.2.1"

[metadata]
content-hash = "7aeb7128e78784bbfc68084c270722b19db51e3397c173d52557e5ab4f5fcd50"
platform = "*"
python-versions = "^2.7"

[metadata.hashes]
babel = ["6778d85147d5d85345c14a26aada5e478ab04e39b078b0745ee6870c2b5cf669", "8cba50f48c529ca3fa18cf81fa9403be176d374ac4d60738b839122dfaaa3d23"]
blinker = ["471aee25f3992bd325afa3772f1063dbdbbca947a041b8b89466dc00d606f8b6"]
click = ["2335065e6395b9e67ca716de5f7526736bfa6ceead690adf616d925bdc622b13", "5b94b49521f6456670fdb30cd82a4eca9412788a93fa6dd6df72c94d5a8ff2d7"]
flask = ["2271c0070dbcb5275fad4a82e29f23ab92682dc45f9dfbc22c02ba9b9322ce48", "a080b744b7e345ccfcbc77954861cb05b3c63786e93f2b3875e0913d44b43f05"]
flask-admin = ["752937f4af1f6600e5f4f08586c4790719a71146f163a091deba04706a48523b"]
flask-assets = ["6031527b89fb3509d1581d932affa5a79dd348cfffb58d0aef99a43461d47847"]
flask-babelex = ["cf79cdedb5ce860166120136b0e059e9d97b8df07a3bc2411f6243de04b754b4"]
flask-login = ["c815c1ac7b3e35e2081685e389a665f2c74d7e077cb93cecabaea352da4752ec"]
flask-mail = ["22e5eb9a940bf407bcf30410ecc3708f3c56cc44b29c34e1726fe85006935f41"]
flask-principal = ["f5d6134b5caebfdbb86f32d56d18ee44b080876a27269560a96ea35f75c99453"]
flask-security = ["d61daa5f5a48f89f30f50555872bdf581b2c65804668b0313345cd7beff26432", "ef837c03558db41335c8dabd16ae4977af0a5ef0c2cdecf738e33ef5202ce489"]
flask-wtf = ["5d14d55cfd35f613d99ee7cba0fc3fbbe63ba02f544d349158c14ca15561cc36", "d9a9e366b32dcbb98ef17228e76be15702cd2600675668bca23f63a7947fd5ac"]
itsdangerous = ["cbb3fcf8d3e33df861709ecaf89d9e6629cff0a217bc2848f1b41cd30d360519"]
jinja2 = ["74c935a1b8bb9a3947c50a54766a969d4846290e1e788ea44c1392163723c3bd", "f84be1bb0040caca4cea721fcbbbbd61f9be9464ca236387158b0feea01914a4"]
markupsafe = ["a6be69091dac236ea9c6bc7d012beab42010fa914c459791d627dad4910eb665"]
passlib = ["3d948f64138c25633613f303bcc471126eae67c04d5e3f6b7b8ce6242f8653e0", "43526aea08fa32c6b6dbbbe9963c4c767285b78147b7437597f992812f69d280"]
pytz = ["a061aa0a9e06881eb8b3b2b43f05b9439d6583c206d0a6c340ff72a7b6669053", "ffb9ef1de172603304d9d2819af6f5ece76f2e85ec10692a524dd876e72bf277"]
speaklater = ["59fea336d0eed38c1f0bf3181ee1222d0ef45f3a9dd34ebe65e6bfffdd6a65a9"]
webassets = ["e7d9c8887343123fd5b32309b33167428cb1318cdda97ece12d0907fd69d38db"]
werkzeug = ["c3fd7a7d41976d9f44db327260e263132466836cef6f91512889ed60ad26557c", "d5da73735293558eb1651ee2fddc4d0dedcfa06538b8813a2e20011583c9e49b"]
wtforms = ["0cdbac3e7f6878086c334aa25dc5a33869a3954e9d1e015130d65a69309b3b61", "e3ee092c827582c50877cdbd49e9ce6d2c5c1f6561f849b3b068c1b8029626f1"]
